// !$*UTF8*$!
{
	archiveVersion = 1;
	classes = {
	};
	objectVersion = 50;
	objects = {

/* Begin PBXBuildFile section */
		C917878620CA595F00601D03 /* AppDelegate.swift in Sources */ = {isa = PBXBuildFile; fileRef = C917878520CA595F00601D03 /* AppDelegate.swift */; };
		C917878820CA595F00601D03 /* ViewController.swift in Sources */ = {isa = PBXBuildFile; fileRef = C917878720CA595F00601D03 /* ViewController.swift */; };
		C917878B20CA595F00601D03 /* Main.storyboard in Resources */ = {isa = PBXBuildFile; fileRef = C917878920CA595F00601D03 /* Main.storyboard */; };
		C917878D20CA596100601D03 /* Assets.xcassets in Resources */ = {isa = PBXBuildFile; fileRef = C917878C20CA596100601D03 /* Assets.xcassets */; };
		C917879020CA596100601D03 /* LaunchScreen.storyboard in Resources */ = {isa = PBXBuildFile; fileRef = C917878E20CA596100601D03 /* LaunchScreen.storyboard */; };
		C917879B20CA596200601D03 /* IOS________Tests.swift in Sources */ = {isa = PBXBuildFile; fileRef = C917879A20CA596200601D03 /* IOS________Tests.swift */; };
		C91787A620CA596200601D03 /* IOS________UITests.swift in Sources */ = {isa = PBXBuildFile; fileRef = C91787A520CA596200601D03 /* IOS________UITests.swift */; };
		C91787B420CA59A700601D03 /* 被拒原因1.rtf in Resources */ = {isa = PBXBuildFile; fileRef = C91787B320CA59A700601D03 /* 被拒原因1.rtf */; };
		C91787B620CA59FE00601D03 /* 被拒原因2.rtf in Resources */ = {isa = PBXBuildFile; fileRef = C91787B520CA59FE00601D03 /* 被拒原因2.rtf */; };
/* End PBXBuildFile section */

/* Begin PBXContainerItemProxy section */
		C917879720CA596200601D03 /* PBXContainerItemProxy */ = {
			isa = PBXContainerItemProxy;
			containerPortal = C917877A20CA595F00601D03 /* Project object */;
			proxyType = 1;
			remoteGlobalIDString = C917878120CA595F00601D03;
			remoteInfo = "IOS项目审核反馈总结";
		};
		C91787A220CA596200601D03 /* PBXContainerItemProxy */ = {
			isa = PBXContainerItemProxy;
			containerPortal = C917877A20CA595F00601D03 /* Project object */;
			proxyType = 1;
			remoteGlobalIDString = C917878120CA595F00601D03;
			remoteInfo = "IOS项目审核反馈总结";
		};
/* End PBXContainerItemProxy section */

/* Begin PBXFileReference section */
		C917878220CA595F00601D03 /* IOS项目审核反馈总结.app */ = {isa = PBXFileReference; explicitFileType = wrapper.application; includeInIndex = 0; path = "IOS项目审核反馈总结.app"; sourceTree = BUILT_PRODUCTS_DIR; };
		C917878520CA595F00601D03 /* AppDelegate.swift */ = {isa = PBXFileReference; lastKnownFileType = sourcecode.swift; path = AppDelegate.swift; sourceTree = "<group>"; };
		C917878720CA595F00601D03 /* ViewController.swift */ = {isa = PBXFileReference; lastKnownFileType = sourcecode.swift; path = ViewController.swift; sourceTree = "<group>"; };
		C917878A20CA595F00601D03 /* Base */ = {isa = PBXFileReference; lastKnownFileType = file.storyboard; name = Base; path = Base.lproj/Main.storyboard; sourceTree = "<group>"; };
		C917878C20CA596100601D03 /* Assets.xcassets */ = {isa = PBXFileReference; lastKnownFileType = folder.assetcatalog; path = Assets.xcassets; sourceTree = "<group>"; };
		C917878F20CA596100601D03 /* Base */ = {isa = PBXFileReference; lastKnownFileType = file.storyboard; name = Base; path = Base.lproj/LaunchScreen.storyboard; sourceTree = "<group>"; };
		C917879120CA596100601D03 /* Info.plist */ = {isa = PBXFileReference; lastKnownFileType = text.plist.xml; path = Info.plist; sourceTree = "<group>"; };
		C917879620CA596200601D03 /* IOS项目审核反馈总结Tests.xctest */ = {isa = PBXFileReference; explicitFileType = wrapper.cfbundle; includeInIndex = 0; path = "IOS项目审核反馈总结Tests.xctest"; sourceTree = BUILT_PRODUCTS_DIR; };
		C917879A20CA596200601D03 /* IOS________Tests.swift */ = {isa = PBXFileReference; lastKnownFileType = sourcecode.swift; path = "IOS________Tests.swift"; sourceTree = "<group>"; };
		C917879C20CA596200601D03 /* Info.plist */ = {isa = PBXFileReference; lastKnownFileType = text.plist.xml; path = Info.plist; sourceTree = "<group>"; };
		C91787A120CA596200601D03 /* IOS项目审核反馈总结UITests.xctest */ = {isa = PBXFileReference; explicitFileType = wrapper.cfbundle; includeInIndex = 0; path = "IOS项目审核反馈总结UITests.xctest"; sourceTree = BUILT_PRODUCTS_DIR; };
		C91787A520CA596200601D03 /* IOS________UITests.swift */ = {isa = PBXFileReference; lastKnownFileType = sourcecode.swift; path = "IOS________UITests.swift"; sourceTree = "<group>"; };
		C91787A720CA596200601D03 /* Info.plist */ = {isa = PBXFileReference; lastKnownFileType = text.plist.xml; path = Info.plist; sourceTree = "<group>"; };
		C91787B320CA59A700601D03 /* 被拒原因1.rtf */ = {isa = PBXFileReference; lastKnownFileType = text.rtf; path = "被拒原因1.rtf"; sourceTree = "<group>"; };
		C91787B520CA59FE00601D03 /* 被拒原因2.rtf */ = {isa = PBXFileReference; lastKnownFileType = text.rtf; path = "被拒原因2.rtf"; sourceTree = "<group>"; };
/* End PBXFileReference section */

/* Begin PBXFrameworksBuildPhase section */
		C917877F20CA595F00601D03 /* Frameworks */ = {
			isa = PBXFrameworksBuildPhase;
			buildActionMask = 2147483647;
			files = (
			);
			runOnlyForDeploymentPostprocessing = 0;
		};
		C917879320CA596200601D03 /* Frameworks */ = {
			isa = PBXFrameworksBuildPhase;
			buildActionMask = 2147483647;
			files = (
			);
			runOnlyForDeploymentPostprocessing = 0;
		};
		C917879E20CA596200601D03 /* Frameworks */ = {
			isa = PBXFrameworksBuildPhase;
			buildActionMask = 2147483647;
			files = (
			);
			runOnlyForDeploymentPostprocessing = 0;
		};
/* End PBXFrameworksBuildPhase section */

/* Begin PBXGroup section */
		C917877920CA595F00601D03 = {
			isa = PBXGroup;
			children = (
				C917878420CA595F00601D03 /* IOS项目审核反馈总结 */,
				C917879920CA596200601D03 /* IOS项目审核反馈总结Tests */,
				C91787A420CA596200601D03 /* IOS项目审核反馈总结UITests */,
				C917878320CA595F00601D03 /* Products */,
			);
			sourceTree = "<group>";
		};
		C917878320CA595F00601D03 /* Products */ = {
			isa = PBXGroup;
			children = (
				C917878220CA595F00601D03 /* IOS项目审核反馈总结.app */,
				C917879620CA596200601D03 /* IOS项目审核反馈总结Tests.xctest */,
				C91787A120CA596200601D03 /* IOS项目审核反馈总结UITests.xctest */,
			);
			name = Products;
			sourceTree = "<group>";
		};
		C917878420CA595F00601D03 /* IOS项目审核反馈总结 */ = {
			isa = PBXGroup;
			children = (
				C917878520CA595F00601D03 /* AppDelegate.swift */,
				C917878720CA595F00601D03 /* ViewController.swift */,
				C91787B320CA59A700601D03 /* 被拒原因1.rtf */,
				C91787B520CA59FE00601D03 /* 被拒原因2.rtf */,
				C917878920CA595F00601D03 /* Main.storyboard */,
				C917878C20CA596100601D03 /* Assets.xcassets */,
				C917878E20CA596100601D03 /* LaunchScreen.storyboard */,
				C917879120CA596100601D03 /* Info.plist */,
			);
			path = "IOS项目审核反馈总结";
			sourceTree = "<group>";
		};
		C917879920CA596200601D03 /* IOS项目审核反馈总结Tests */ = {
			isa = PBXGroup;
			children = (
				C917879A20CA596200601D03 /* IOS________Tests.swift */,
				C917879C20CA596200601D03 /* Info.plist */,
			);
			path = "IOS项目审核反馈总结Tests";
			sourceTree = "<group>";
		};
		C91787A420CA596200601D03 /* IOS项目审核反馈总结UITests */ = {
			isa = PBXGroup;
			children = (
				C91787A520CA596200601D03 /* IOS________UITests.swift */,
				C91787A720CA596200601D03 /* Info.plist */,
			);
			path = "IOS项目审核反馈总结UITests";
			sourceTree = "<group>";
		};
/* End PBXGroup section */

/* Begin PBXNativeTarget section */
		C917878120CA595F00601D03 /* IOS项目审核反馈总结 */ = {
			isa = PBXNativeTarget;
			buildConfigurationList = C91787AA20CA596200601D03 /* Build configuration list for PBXNativeTarget "IOS项目审核反馈总结" */;
			buildPhases = (
				C917877E20CA595F00601D03 /* Sources */,
				C917877F20CA595F00601D03 /* Frameworks */,
				C917878020CA595F00601D03 /* Resources */,
			);
			buildRules = (
			);
			dependencies = (
			);
			name = "IOS项目审核反馈总结";
			productName = "IOS项目审核反馈总结";
			productReference = C917878220CA595F00601D03 /* IOS项目审核反馈总结.app */;
			productType = "com.apple.product-type.application";
		};
		C917879520CA596200601D03 /* IOS项目审核反馈总结Tests */ = {
			isa = PBXNativeTarget;
			buildConfigurationList = C91787AD20CA596200601D03 /* Build configuration list for PBXNativeTarget "IOS项目审核反馈总结Tests" */;
			buildPhases = (
				C917879220CA596200601D03 /* Sources */,
				C917879320CA596200601D03 /* Frameworks */,
				C917879420CA596200601D03 /* Resources */,
			);
			buildRules = (
			);
			dependencies = (
				C917879820CA596200601D03 /* PBXTargetDependency */,
			);
			name = "IOS项目审核反馈总结Tests";
			productName = "IOS项目审核反馈总结Tests";
			productReference = C917879620CA596200601D03 /* IOS项目审核反馈总结Tests.xctest */;
			productType = "com.apple.product-type.bundle.unit-test";
		};
		C91787A020CA596200601D03 /* IOS项目审核反馈总结UITests */ = {
			isa = PBXNativeTarget;
			buildConfigurationList = C91787B020CA596200601D03 /* Build configuration list for PBXNativeTarget "IOS项目审核反馈总结UITests" */;
			buildPhases = (
				C917879D20CA596200601D03 /* Sources */,
				C917879E20CA596200601D03 /* Frameworks */,
				C917879F20CA596200601D03 /* Resources */,
			);
			buildRules = (
			);
			dependencies = (
				C91787A320CA596200601D03 /* PBXTargetDependency */,
			);
			name = "IOS项目审核反馈总结UITests";
			productName = "IOS项目审核反馈总结UITests";
			productReference = C91787A120CA596200601D03 /* IOS项目审核反馈总结UITests.xctest */;
			productType = "com.apple.product-type.bundle.ui-testing";
		};
/* End PBXNativeTarget section */

/* Begin PBXProject section */
		C917877A20CA595F00601D03 /* Project object */ = {
			isa = PBXProject;
			attributes = {
				LastSwiftUpdateCheck = 0930;
				LastUpgradeCheck = 0930;
				ORGANIZATIONNAME = SYJ;
				TargetAttributes = {
					C917878120CA595F00601D03 = {
						CreatedOnToolsVersion = 9.3;
					};
					C917879520CA596200601D03 = {
						CreatedOnToolsVersion = 9.3;
						TestTargetID = C917878120CA595F00601D03;
					};
					C91787A020CA596200601D03 = {
						CreatedOnToolsVersion = 9.3;
						TestTargetID = C917878120CA595F00601D03;
					};
				};
			};
			buildConfigurationList = C917877D20CA595F00601D03 /* Build configuration list for PBXProject "IOS项目审核反馈总结" */;
			compatibilityVersion = "Xcode 9.3";
			developmentRegion = en;
			hasScannedForEncodings = 0;
			knownRegions = (
				en,
				Base,
			);
			mainGroup = C917877920CA595F00601D03;
			productRefGroup = C917878320CA595F00601D03 /* Products */;
			projectDirPath = "";
			projectRoot = "";
			targets = (
				C917878120CA595F00601D03 /* IOS项目审核反馈总结 */,
				C917879520CA596200601D03 /* IOS项目审核反馈总结Tests */,
				C91787A020CA596200601D03 /* IOS项目审核反馈总结UITests */,
			);
		};
/* End PBXProject section */

/* Begin PBXResourcesBuildPhase section */
		C917878020CA595F00601D03 /* Resources */ = {
			isa = PBXResourcesBuildPhase;
			buildActionMask = 2147483647;
			files = (
				C91787B420CA59A700601D03 /* 被拒原因1.rtf in Resources */,
				C91787B620CA59FE00601D03 /* 被拒原因2.rtf in Resources */,
				C917879020CA596100601D03 /* LaunchScreen.storyboard in Resources */,
				C917878D20CA596100601D03 /* Assets.xcassets in Resources */,
				C917878B20CA595F00601D03 /* Main.storyboard in Resources */,
			);
			runOnlyForDeploymentPostprocessing = 0;
		};
		C917879420CA596200601D03 /* Resources */ = {
			isa = PBXResourcesBuildPhase;
			buildActionMask = 2147483647;
			files = (
			);
			runOnlyForDeploymentPostprocessing = 0;
		};
		C917879F20CA596200601D03 /* Resources */ = {
			isa = PBXResourcesBuildPhase;
			buildActionMask = 2147483647;
			files = (
			);
			runOnlyForDeploymentPostprocessing = 0;
		};
/* End PBXResourcesBuildPhase section */

/* Begin PBXSourcesBuildPhase section */
		C917877E20CA595F00601D03 /* Sources */ = {
			isa = PBXSourcesBuildPhase;
			buildActionMask = 2147483647;
			files = (
				C917878820CA595F00601D03 /* ViewController.swift in Sources */,
				C917878620CA595F00601D03 /* AppDelegate.swift in Sources */,
			);
			runOnlyForDeploymentPostprocessing = 0;
		};
		C917879220CA596200601D03 /* Sources */ = {
			isa = PBXSourcesBuildPhase;
			buildActionMask = 2147483647;
			files = (
				C917879B20CA596200601D03 /* IOS________Tests.swift in Sources */,
			);
			runOnlyForDeploymentPostprocessing = 0;
		};
		C917879D20CA596200601D03 /* Sources */ = {
			isa = PBXSourcesBuildPhase;
			buildActionMask = 2147483647;
			files = (
				C91787A620CA596200601D03 /* IOS________UITests.swift in Sources */,
			);
			runOnlyForDeploymentPostprocessing = 0;
		};
/* End PBXSourcesBuildPhase section */

/* Begin PBXTargetDependency section */
		C917879820CA596200601D03 /* PBXTargetDependency */ = {
			isa = PBXTargetDependency;
			target = C917878120CA595F00601D03 /* IOS项目审核反馈总结 */;
			targetProxy = C917879720CA596200601D03 /* PBXContainerItemProxy */;
		};
		C91787A320CA596200601D03 /* PBXTargetDependency */ = {
			isa = PBXTargetDependency;
			target = C917878120CA595F00601D03 /* IOS项目审核反馈总结 */;
			targetProxy = C91787A220CA596200601D03 /* PBXContainerItemProxy */;
		};
/* End PBXTargetDependency section */

/* Begin PBXVariantGroup section */
		C917878920CA595F00601D03 /* Main.storyboard */ = {
			isa = PBXVariantGroup;
			children = (
				C917878A20CA595F00601D03 /* Base */,
			);
			name = Main.storyboard;
			sourceTree = "<group>";
		};
		C917878E20CA596100601D03 /* LaunchScreen.storyboard */ = {
			isa = PBXVariantGroup;
			children = (
				C917878F20CA596100601D03 /* Base */,
			);
			name = LaunchScreen.storyboard;
			sourceTree = "<group>";
		};
/* End PBXVariantGroup section */

/* Begin XCBuildConfiguration section */
		C91787A820CA596200601D03 /* Debug */ = {
			isa = XCBuildConfiguration;
			buildSettings = {
				ALWAYS_SEARCH_USER_PATHS = NO;
				CLANG_ANALYZER_NONNULL = YES;
				CLANG_ANALYZER_NUMBER_OBJECT_CONVERSION = YES_AGGRESSIVE;
				CLANG_CXX_LANGUAGE_STANDARD = "gnu++14";
				CLANG_CXX_LIBRARY = "libc++";
				CLANG_ENABLE_MODULES = YES;
				CLANG_ENABLE_OBJC_ARC = YES;
				CLANG_ENABLE_OBJC_WEAK = YES;
				CLANG_WARN_BLOCK_CAPTURE_AUTORELEASING = YES;
				CLANG_WARN_BOOL_CONVERSION = YES;
				CLANG_WARN_COMMA = YES;
				CLANG_WARN_CONSTANT_CONVERSION = YES;
				CLANG_WARN_DEPRECATED_OBJC_IMPLEMENTATIONS = YES;
				CLANG_WARN_DIRECT_OBJC_ISA_USAGE = YES_ERROR;
				CLANG_WARN_DOCUMENTATION_COMMENTS = YES;
				CLANG_WARN_EMPTY_BODY = YES;
				CLANG_WARN_ENUM_CONVERSION = YES;
				CLANG_WARN_INFINITE_RECURSION = YES;
				CLANG_WARN_INT_CONVERSION = YES;
				CLANG_WARN_NON_LITERAL_NULL_CONVERSION = YES;
				CLANG_WARN_OBJC_IMPLICIT_RETAIN_SELF = YES;
				CLANG_WARN_OBJC_LITERAL_CONVERSION = YES;
				CLANG_WARN_OBJC_ROOT_CLASS = YES_ERROR;
				CLANG_WARN_RANGE_LOOP_ANALYSIS = YES;
				CLANG_WARN_STRICT_PROTOTYPES = YES;
				CLANG_WARN_SUSPICIOUS_MOVE = YES;
				CLANG_WARN_UNGUARDED_AVAILABILITY = YES_AGGRESSIVE;
				CLANG_WARN_UNREACHABLE_CODE = YES;
				CLANG_WARN__DUPLICATE_METHOD_MATCH = YES;
				CODE_SIGN_IDENTITY = "iPhone Developer";
				COPY_PHASE_STRIP = NO;
				DEBUG_INFORMATION_FORMAT = dwarf;
				ENABLE_STRICT_OBJC_MSGSEND = YES;
				ENABLE_TESTABILITY = YES;
				GCC_C_LANGUAGE_STANDARD = gnu11;
				GCC_DYNAMIC_NO_PIC = NO;
				GCC_NO_COMMON_BLOCKS = YES;
				GCC_OPTIMIZATION_LEVEL = 0;
				GCC_PREPROCESSOR_DEFINITIONS = (
					"DEBUG=1",
					"$(inherited)",
				);
				GCC_WARN_64_TO_32_BIT_CONVERSION = YES;
				GCC_WARN_ABOUT_RETURN_TYPE = YES_ERROR;
				GCC_WARN_UNDECLARED_SELECTOR = YES;
				GCC_WARN_UNINITIALIZED_AUTOS = YES_AGGRESSIVE;
				GCC_WARN_UNUSED_FUNCTION = YES;
				GCC_WARN_UNUSED_VARIABLE = YES;
				IPHONEOS_DEPLOYMENT_TARGET = 11.3;
				MTL_ENABLE_DEBUG_INFO = YES;
				ONLY_ACTIVE_ARCH = YES;
				SDKROOT = iphoneos;
				SWIFT_ACTIVE_COMPILATION_CONDITIONS = DEBUG;
				SWIFT_OPTIMIZATION_LEVEL = "-Onone";
			};
			name = Debug;
		};
		C91787A920CA596200601D03 /* Release */ = {
			isa = XCBuildConfiguration;
			buildSettings = {
				ALWAYS_SEARCH_USER_PATHS = NO;
				CLANG_ANALYZER_NONNULL = YES;
				CLANG_ANALYZER_NUMBER_OBJECT_CONVERSION = YES_AGGRESSIVE;
				CLANG_CXX_LANGUAGE_STANDARD = "gnu++14";
				CLANG_CXX_LIBRARY = "libc++";
				CLANG_ENABLE_MODULES = YES;
				CLANG_ENABLE_OBJC_ARC = YES;
				CLANG_ENABLE_OBJC_WEAK = YES;
				CLANG_WARN_BLOCK_CAPTURE_AUTORELEASING = YES;
				CLANG_WARN_BOOL_CONVERSION = YES;
				CLANG_WARN_COMMA = YES;
				CLANG_WARN_CONSTANT_CONVERSION = YES;
				CLANG_WARN_DEPRECATED_OBJC_IMPLEMENTATIONS = YES;
				CLANG_WARN_DIRECT_OBJC_ISA_USAGE = YES_ERROR;
				CLANG_WARN_DOCUMENTATION_COMMENTS = YES;
				CLANG_WARN_EMPTY_BODY = YES;
				CLANG_WARN_ENUM_CONVERSION = YES;
				CLANG_WARN_INFINITE_RECURSION = YES;
				CLANG_WARN_INT_CONVERSION = YES;
				CLANG_WARN_NON_LITERAL_NULL_CONVERSION = YES;
				CLANG_WARN_OBJC_IMPLICIT_RETAIN_SELF = YES;
				CLANG_WARN_OBJC_LITERAL_CONVERSION = YES;
				CLANG_WARN_OBJC_ROOT_CLASS = YES_ERROR;
				CLANG_WARN_RANGE_LOOP_ANALYSIS = YES;
				CLANG_WARN_STRICT_PROTOTYPES = YES;
				CLANG_WARN_SUSPICIOUS_MOVE = YES;
				CLANG_WARN_UNGUARDED_AVAILABILITY = YES_AGGRESSIVE;
				CLANG_WARN_UNREACHABLE_CODE = YES;
				CLANG_WARN__DUPLICATE_METHOD_MATCH = YES;
				CODE_SIGN_IDENTITY = "iPhone Developer";
				COPY_PHASE_STRIP = NO;
				DEBUG_INFORMATION_FORMAT = "dwarf-with-dsym";
				ENABLE_NS_ASSERTIONS = NO;
				ENABLE_STRICT_OBJC_MSGSEND = YES;
				GCC_C_LANGUAGE_STANDARD = gnu11;
				GCC_NO_COMMON_BLOCKS = YES;
				GCC_WARN_64_TO_32_BIT_CONVERSION = YES;
				GCC_WARN_ABOUT_RETURN_TYPE = YES_ERROR;
				GCC_WARN_UNDECLARED_SELECTOR = YES;
				GCC_WARN_UNINITIALIZED_AUTOS = YES_AGGRESSIVE;
				GCC_WARN_UNUSED_FUNCTION = YES;
				GCC_WARN_UNUSED_VARIABLE = YES;
				IPHONEOS_DEPLOYMENT_TARGET = 11.3;
				MTL_ENABLE_DEBUG_INFO = NO;
				SDKROOT = iphoneos;
				SWIFT_COMPILATION_MODE = wholemodule;
				SWIFT_OPTIMIZATION_LEVEL = "-O";
				VALIDATE_PRODUCT = YES;
			};
			name = Release;
		};
		C91787AB20CA596200601D03 /* Debug */ = {
			isa = XCBuildConfiguration;
			buildSettings = {
				ASSETCATALOG_COMPILER_APPICON_NAME = AppIcon;
				CODE_SIGN_STYLE = Automatic;
				INFOPLIST_FILE = "IOS项目审核反馈总结/Info.plist";
				LD_RUNPATH_SEARCH_PATHS = (
					"$(inherited)",
					"@executable_path/Frameworks",
				);
				PRODUCT_BUNDLE_IDENTIFIER = "com.syj.IOS--------";
				PRODUCT_NAME = "$(TARGET_NAME)";
				SWIFT_VERSION = 4.0;
				TARGETED_DEVICE_FAMILY = "1,2";
			};
			name = Debug;
		};
		C91787AC20CA596200601D03 /* Release */ = {
			isa = XCBuildConfiguration;
			buildSettings = {
				ASSETCATALOG_COMPILER_APPICON_NAME = AppIcon;
				CODE_SIGN_STYLE = Automatic;
				INFOPLIST_FILE = "IOS项目审核反馈总结/Info.plist";
				LD_RUNPATH_SEARCH_PATHS = (
					"$(inherited)",
					"@executable_path/Frameworks",
				);
				PRODUCT_BUNDLE_IDENTIFIER = "com.syj.IOS--------";
				PRODUCT_NAME = "$(TARGET_NAME)";
				SWIFT_VERSION = 4.0;
				TARGETED_DEVICE_FAMILY = "1,2";
			};
			name = Release;
		};
		C91787AE20CA596200601D03 /* Debug */ = {
			isa = XCBuildConfiguration;
			buildSettings = {
				ALWAYS_EMBED_SWIFT_STANDARD_LIBRARIES = YES;
				BUNDLE_LOADER = "$(TEST_HOST)";
				CODE_SIGN_STYLE = Automatic;
				INFOPLIST_FILE = "IOS项目审核反馈总结Tests/Info.plist";
				LD_RUNPATH_SEARCH_PATHS = (
					"$(inherited)",
					"@executable_path/Frameworks",
					"@loader_path/Frameworks",
				);
				PRODUCT_BUNDLE_IDENTIFIER = "com.syj.IOS--------Tests";
				PRODUCT_NAME = "$(TARGET_NAME)";
				SWIFT_VERSION = 4.0;
				TARGETED_DEVICE_FAMILY = "1,2";
				TEST_HOST = "$(BUILT_PRODUCTS_DIR)/IOS项目审核反馈总结.app/IOS项目审核反馈总结";
			};
			name = Debug;
		};
		C91787AF20CA596200601D03 /* Release */ = {
			isa = XCBuildConfiguration;
			buildSettings = {
				ALWAYS_EMBED_SWIFT_STANDARD_LIBRARIES = YES;
				BUNDLE_LOADER = "$(TEST_HOST)";
				CODE_SIGN_STYLE = Automatic;
				INFOPLIST_FILE = "IOS项目审核反馈总结Tests/Info.plist";
				LD_RUNPATH_SEARCH_PATHS = (
					"$(inherited)",
					"@executable_path/Frameworks",
					"@loader_path/Frameworks",
				);
				PRODUCT_BUNDLE_IDENTIFIER = "com.syj.IOS--------Tests";
				PRODUCT_NAME = "$(TARGET_NAME)";
				SWIFT_VERSION = 4.0;
				TARGETED_DEVICE_FAMILY = "1,2";
				TEST_HOST = "$(BUILT_PRODUCTS_DIR)/IOS项目审核反馈总结.app/IOS项目审核反馈总结";
			};
			name = Release;
		};
		C91787B120CA596200601D03 /* Debug */ = {
			isa = XCBuildConfiguration;
			buildSettings = {
				ALWAYS_EMBED_SWIFT_STANDARD_LIBRARIES = YES;
				CODE_SIGN_STYLE = Automatic;
				INFOPLIST_FILE = "IOS项目审核反馈总结UITests/Info.plist";
				LD_RUNPATH_SEARCH_PATHS = (
					"$(inherited)",
					"@executable_path/Frameworks",
					"@loader_path/Frameworks",
				);
				PRODUCT_BUNDLE_IDENTIFIER = "com.syj.IOS--------UITests";
				PRODUCT_NAME = "$(TARGET_NAME)";
				SWIFT_VERSION = 4.0;
				TARGETED_DEVICE_FAMILY = "1,2";
				TEST_TARGET_NAME = "IOS项目审核反馈总结";
			};
			name = Debug;
		};
		C91787B220CA596200601D03 /* Release */ = {
			isa = XCBuildConfiguration;
			buildSettings = {
				ALWAYS_EMBED_SWIFT_STANDARD_LIBRARIES = YES;
				CODE_SIGN_STYLE = Automatic;
				INFOPLIST_FILE = "IOS项目审核反馈总结UITests/Info.plist";
				LD_RUNPATH_SEARCH_PATHS = (
					"$(inherited)",
					"@executable_path/Frameworks",
					"@loader_path/Frameworks",
				);
				PRODUCT_BUNDLE_IDENTIFIER = "com.syj.IOS--------UITests";
				PRODUCT_NAME = "$(TARGET_NAME)";
				SWIFT_VERSION = 4.0;
				TARGETED_DEVICE_FAMILY = "1,2";
				TEST_TARGET_NAME = "IOS项目审核反馈总结";
			};
			name = Release;
		};
/* End XCBuildConfiguration section */

/* Begin XCConfigurationList section */
		C917877D20CA595F00601D03 /* Build configuration list for PBXProject "IOS项目审核反馈总结" */ = {
			isa = XCConfigurationList;
			buildConfigurations = (
				C91787A820CA596200601D03 /* Debug */,
				C91787A920CA596200601D03 /* Release */,
			);
			defaultConfigurationIsVisible = 0;
			defaultConfigurationName = Release;
		};
		C91787AA20CA596200601D03 /* Build configuration list for PBXNativeTarget "IOS项目审核反馈总结" */ = {
			isa = XCConfigurationList;
			buildConfigurations = (
				C91787AB20CA596200601D03 /* Debug */,
				C91787AC20CA596200601D03 /* Release */,
			);
			defaultConfigurationIsVisible = 0;
			defaultConfigurationName = Release;
		};
		C91787AD20CA596200601D03 /* Build configuration list for PBXNativeTarget "IOS项目审核反馈总结Tests" */ = {
			isa = XCConfigurationList;
			buildConfigurations = (
				C91787AE20CA596200601D03 /* Debug */,
				C91787AF20CA596200601D03 /* Release */,
			);
			defaultConfigurationIsVisible = 0;
			defaultConfigurationName = Release;
		};
		C91787B020CA596200601D03 /* Build configuration list for PBXNativeTarget "IOS项目审核反馈总结UITests" */ = {
			isa = XCConfigurationList;
			buildConfigurations = (
				C91787B120CA596200601D03 /* Debug */,
				C91787B220CA596200601D03 /* Release */,
			);
			defaultConfigurationIsVisible = 0;
			defaultConfigurationName = Release;
		};
/* End XCConfigurationList section */
	};
	rootObject = C917877A20CA595F00601D03 /* Project object */;
}
